
Microsoft Visual Studio Solution File, Format Version 12.00
# Visual Studio Version 17
VisualStudioVersion = 17.1.32421.90
MinimumVisualStudioVersion = 10.0.40219.1
Project("{FAE04EC0-301F-11D3-BF4B-00C04F79EFBC}") = "heranca_ex1", "heranca_ex1\heranca_ex1.csproj", "{9EED95A3-39C6-429A-A27B-908099A2970C}"
EndProject
Global
	GlobalSection(SolutionConfigurationPlatforms) = preSolution
		Debug|Any CPU = Debug|Any CPU
		Release|Any CPU = Release|Any CPU
	EndGlobalSection
	GlobalSection(ProjectConfigurationPlatforms) = postSolution
		{9EED95A3-39C6-429A-A27B-908099A2970C}.Debug|Any CPU.ActiveCfg = Debug|Any CPU
		{9EED95A3-39C6-429A-A27B-908099A2970C}.Debug|Any CPU.Build.0 = Debug|Any CPU
		{9EED95A3-39C6-429A-A27B-908099A2970C}.Release|Any CPU.ActiveCfg = Release|Any CPU
		{9EED95A3-39C6-429A-A27B-908099A2970C}.Release|Any CPU.Build.0 = Release|Any CPU
	EndGlobalSection
	GlobalSection(SolutionProperties) = preSolution
		HideSolutionNode = FALSE
	EndGlobalSection
	GlobalSection(ExtensibilityGlobals) = postSolution
		SolutionGuid = {F1EE223A-9299-4693-B268-76E7F4BB2E35}
	EndGlobalSection
EndGlobal
