
Microsoft Visual Studio Solution File, Format Version 12.00
# Visual Studio Version 17
VisualStudioVersion = 17.1.32421.90
MinimumVisualStudioVersion = 10.0.40219.1
Project("{FAE04EC0-301F-11D3-BF4B-00C04F79EFBC}") = "Banco2", "Banco2\Banco2.csproj", "{A024E68E-0651-462C-A994-F325B4AE515E}"
EndProject
Global
	GlobalSection(SolutionConfigurationPlatforms) = preSolution
		Debug|Any CPU = Debug|Any CPU
		Release|Any CPU = Release|Any CPU
	EndGlobalSection
	GlobalSection(ProjectConfigurationPlatforms) = postSolution
		{A024E68E-0651-462C-A994-F325B4AE515E}.Debug|Any CPU.ActiveCfg = Debug|Any CPU
		{A024E68E-0651-462C-A994-F325B4AE515E}.Debug|Any CPU.Build.0 = Debug|Any CPU
		{A024E68E-0651-462C-A994-F325B4AE515E}.Release|Any CPU.ActiveCfg = Release|Any CPU
		{A024E68E-0651-462C-A994-F325B4AE515E}.Release|Any CPU.Build.0 = Release|Any CPU
	EndGlobalSection
	GlobalSection(SolutionProperties) = preSolution
		HideSolutionNode = FALSE
	EndGlobalSection
	GlobalSection(ExtensibilityGlobals) = postSolution
		SolutionGuid = {2E6041EF-2284-4474-BF58-7521C185FF65}
	EndGlobalSection
EndGlobal
